// !$*UTF8*$!
{
	archiveVersion = 1;
	classes = {
	};
	objectVersion = 56;
	objects = {

/* Begin PBXBuildFile section */
		2B2BD002286F435A002DAA2D /* ViewController.swift in Sources */ = {isa = PBXBuildFile; fileRef = 2B2BD001286F4359002DAA2D /* ViewController.swift */; };
		2B75C174286B1FCF005C78B5 /* AppDelegate.swift in Sources */ = {isa = PBXBuildFile; fileRef = 2B75C173286B1FCF005C78B5 /* AppDelegate.swift */; };
		2B75C176286B1FCF005C78B5 /* SceneDelegate.swift in Sources */ = {isa = PBXBuildFile; fileRef = 2B75C175286B1FCF005C78B5 /* SceneDelegate.swift */; };
		2B75C178286B1FCF005C78B5 /* WeatherViewController.swift in Sources */ = {isa = PBXBuildFile; fileRef = 2B75C177286B1FCF005C78B5 /* WeatherViewController.swift */; };
		2B75C17B286B1FCF005C78B5 /* Main.storyboard in Resources */ = {isa = PBXBuildFile; fileRef = 2B75C179286B1FCF005C78B5 /* Main.storyboard */; };
		2B75C17E286B1FCF005C78B5 /* weatherAppSwift.xcdatamodeld in Sources */ = {isa = PBXBuildFile; fileRef = 2B75C17C286B1FCF005C78B5 /* weatherAppSwift.xcdatamodeld */; };
		2B75C180286B1FD0005C78B5 /* Assets.xcassets in Resources */ = {isa = PBXBuildFile; fileRef = 2B75C17F286B1FD0005C78B5 /* Assets.xcassets */; };
		2B75C183286B1FD0005C78B5 /* LaunchScreen.storyboard in Resources */ = {isa = PBXBuildFile; fileRef = 2B75C181286B1FD0005C78B5 /* LaunchScreen.storyboard */; };
		2B75C18E286B1FD0005C78B5 /* WeatherAppSwiftTests.swift in Sources */ = {isa = PBXBuildFile; fileRef = 2B75C18D286B1FD0005C78B5 /* WeatherAppSwiftTests.swift */; };
		2B75C198286B1FD0005C78B5 /* WeatherAppSwiftUITests.swift in Sources */ = {isa = PBXBuildFile; fileRef = 2B75C197286B1FD0005C78B5 /* WeatherAppSwiftUITests.swift */; };
		2B75C19A286B1FD0005C78B5 /* WeatherAppSwiftUITestsLaunchTests.swift in Sources */ = {isa = PBXBuildFile; fileRef = 2B75C199286B1FD0005C78B5 /* WeatherAppSwiftUITestsLaunchTests.swift */; };
		2B75C1A7286B265D005C78B5 /* Model.swift in Sources */ = {isa = PBXBuildFile; fileRef = 2B75C1A6286B265D005C78B5 /* Model.swift */; };
		2B75C1AA286B28A7005C78B5 /* YumemiWeather in Frameworks */ = {isa = PBXBuildFile; productRef = 2B75C1A9286B28A7005C78B5 /* YumemiWeather */; };
		2B75C1AC286B2965005C78B5 /* ViewModel.swift in Sources */ = {isa = PBXBuildFile; fileRef = 2B75C1AB286B2965005C78B5 /* ViewModel.swift */; };
/* End PBXBuildFile section */

/* Begin PBXContainerItemProxy section */
		2B75C18A286B1FD0005C78B5 /* PBXContainerItemProxy */ = {
			isa = PBXContainerItemProxy;
			containerPortal = 2B75C168286B1FCF005C78B5 /* Project object */;
			proxyType = 1;
			remoteGlobalIDString = 2B75C16F286B1FCF005C78B5;
			remoteInfo = weatherAppSwift;
		};
		2B75C194286B1FD0005C78B5 /* PBXContainerItemProxy */ = {
			isa = PBXContainerItemProxy;
			containerPortal = 2B75C168286B1FCF005C78B5 /* Project object */;
			proxyType = 1;
			remoteGlobalIDString = 2B75C16F286B1FCF005C78B5;
			remoteInfo = weatherAppSwift;
		};
/* End PBXContainerItemProxy section */

/* Begin PBXFileReference section */
		2B2BD001286F4359002DAA2D /* ViewController.swift */ = {isa = PBXFileReference; lastKnownFileType = sourcecode.swift; path = ViewController.swift; sourceTree = "<group>"; };
		2B75C170286B1FCF005C78B5 /* WeatherAppSwift.app */ = {isa = PBXFileReference; explicitFileType = wrapper.application; includeInIndex = 0; path = WeatherAppSwift.app; sourceTree = BUILT_PRODUCTS_DIR; };
		2B75C173286B1FCF005C78B5 /* AppDelegate.swift */ = {isa = PBXFileReference; lastKnownFileType = sourcecode.swift; path = AppDelegate.swift; sourceTree = "<group>"; };
		2B75C175286B1FCF005C78B5 /* SceneDelegate.swift */ = {isa = PBXFileReference; lastKnownFileType = sourcecode.swift; path = SceneDelegate.swift; sourceTree = "<group>"; };
		2B75C177286B1FCF005C78B5 /* WeatherViewController.swift */ = {isa = PBXFileReference; lastKnownFileType = sourcecode.swift; path = WeatherViewController.swift; sourceTree = "<group>"; };
		2B75C17A286B1FCF005C78B5 /* Base */ = {isa = PBXFileReference; lastKnownFileType = file.storyboard; name = Base; path = Base.lproj/Main.storyboard; sourceTree = "<group>"; };
		2B75C17D286B1FCF005C78B5 /* weatherAppSwift.xcdatamodel */ = {isa = PBXFileReference; lastKnownFileType = wrapper.xcdatamodel; path = weatherAppSwift.xcdatamodel; sourceTree = "<group>"; };
		2B75C17F286B1FD0005C78B5 /* Assets.xcassets */ = {isa = PBXFileReference; lastKnownFileType = folder.assetcatalog; path = Assets.xcassets; sourceTree = "<group>"; };
		2B75C182286B1FD0005C78B5 /* Base */ = {isa = PBXFileReference; lastKnownFileType = file.storyboard; name = Base; path = Base.lproj/LaunchScreen.storyboard; sourceTree = "<group>"; };
		2B75C184286B1FD0005C78B5 /* Info.plist */ = {isa = PBXFileReference; lastKnownFileType = text.plist.xml; path = Info.plist; sourceTree = "<group>"; };
		2B75C189286B1FD0005C78B5 /* WeatherAppSwiftTests.xctest */ = {isa = PBXFileReference; explicitFileType = wrapper.cfbundle; includeInIndex = 0; path = WeatherAppSwiftTests.xctest; sourceTree = BUILT_PRODUCTS_DIR; };
		2B75C18D286B1FD0005C78B5 /* WeatherAppSwiftTests.swift */ = {isa = PBXFileReference; lastKnownFileType = sourcecode.swift; path = WeatherAppSwiftTests.swift; sourceTree = "<group>"; };
		2B75C193286B1FD0005C78B5 /* WeatherAppSwiftUITests.xctest */ = {isa = PBXFileReference; explicitFileType = wrapper.cfbundle; includeInIndex = 0; path = WeatherAppSwiftUITests.xctest; sourceTree = BUILT_PRODUCTS_DIR; };
		2B75C197286B1FD0005C78B5 /* WeatherAppSwiftUITests.swift */ = {isa = PBXFileReference; lastKnownFileType = sourcecode.swift; path = WeatherAppSwiftUITests.swift; sourceTree = "<group>"; };
		2B75C199286B1FD0005C78B5 /* WeatherAppSwiftUITestsLaunchTests.swift */ = {isa = PBXFileReference; lastKnownFileType = sourcecode.swift; path = WeatherAppSwiftUITestsLaunchTests.swift; sourceTree = "<group>"; };
		2B75C1A6286B265D005C78B5 /* Model.swift */ = {isa = PBXFileReference; lastKnownFileType = sourcecode.swift; path = Model.swift; sourceTree = "<group>"; };
		2B75C1AB286B2965005C78B5 /* ViewModel.swift */ = {isa = PBXFileReference; lastKnownFileType = sourcecode.swift; path = ViewModel.swift; sourceTree = "<group>"; };
/* End PBXFileReference section */

/* Begin PBXFrameworksBuildPhase section */
		2B75C16D286B1FCF005C78B5 /* Frameworks */ = {
			isa = PBXFrameworksBuildPhase;
			buildActionMask = 2147483647;
			files = (
				2B75C1AA286B28A7005C78B5 /* YumemiWeather in Frameworks */,
			);
			runOnlyForDeploymentPostprocessing = 0;
		};
		2B75C186286B1FD0005C78B5 /* Frameworks */ = {
			isa = PBXFrameworksBuildPhase;
			buildActionMask = 2147483647;
			files = (
			);
			runOnlyForDeploymentPostprocessing = 0;
		};
		2B75C190286B1FD0005C78B5 /* Frameworks */ = {
			isa = PBXFrameworksBuildPhase;
			buildActionMask = 2147483647;
			files = (
			);
			runOnlyForDeploymentPostprocessing = 0;
		};
/* End PBXFrameworksBuildPhase section */

/* Begin PBXGroup section */
		2B75C167286B1FCF005C78B5 = {
			isa = PBXGroup;
			children = (
				2B75C172286B1FCF005C78B5 /* WeatherAppSwift */,
				2B75C18C286B1FD0005C78B5 /* WeatherAppSwiftTests */,
				2B75C196286B1FD0005C78B5 /* WeatherAppSwiftUITests */,
				2B75C171286B1FCF005C78B5 /* Products */,
			);
			sourceTree = "<group>";
		};
		2B75C171286B1FCF005C78B5 /* Products */ = {
			isa = PBXGroup;
			children = (
				2B75C170286B1FCF005C78B5 /* WeatherAppSwift.app */,
				2B75C189286B1FD0005C78B5 /* WeatherAppSwiftTests.xctest */,
				2B75C193286B1FD0005C78B5 /* WeatherAppSwiftUITests.xctest */,
			);
			name = Products;
			sourceTree = "<group>";
		};
		2B75C172286B1FCF005C78B5 /* WeatherAppSwift */ = {
			isa = PBXGroup;
			children = (
				2B75C173286B1FCF005C78B5 /* AppDelegate.swift */,
				2B75C175286B1FCF005C78B5 /* SceneDelegate.swift */,
				2B2BD001286F4359002DAA2D /* ViewController.swift */,
				2B75C177286B1FCF005C78B5 /* WeatherViewController.swift */,
				2B75C1A6286B265D005C78B5 /* Model.swift */,
				2B75C1AB286B2965005C78B5 /* ViewModel.swift */,
				2B75C179286B1FCF005C78B5 /* Main.storyboard */,
				2B75C17F286B1FD0005C78B5 /* Assets.xcassets */,
				2B75C181286B1FD0005C78B5 /* LaunchScreen.storyboard */,
				2B75C184286B1FD0005C78B5 /* Info.plist */,
				2B75C17C286B1FCF005C78B5 /* weatherAppSwift.xcdatamodeld */,
			);
			path = WeatherAppSwift;
			sourceTree = "<group>";
		};
		2B75C18C286B1FD0005C78B5 /* WeatherAppSwiftTests */ = {
			isa = PBXGroup;
			children = (
				2B75C18D286B1FD0005C78B5 /* WeatherAppSwiftTests.swift */,
			);
			path = WeatherAppSwiftTests;
			sourceTree = "<group>";
		};
		2B75C196286B1FD0005C78B5 /* WeatherAppSwiftUITests */ = {
			isa = PBXGroup;
			children = (
				2B75C197286B1FD0005C78B5 /* WeatherAppSwiftUITests.swift */,
				2B75C199286B1FD0005C78B5 /* WeatherAppSwiftUITestsLaunchTests.swift */,
			);
			path = WeatherAppSwiftUITests;
			sourceTree = "<group>";
		};
/* End PBXGroup section */

/* Begin PBXNativeTarget section */
		2B75C16F286B1FCF005C78B5 /* WeatherAppSwift */ = {
			isa = PBXNativeTarget;
			buildConfigurationList = 2B75C19D286B1FD0005C78B5 /* Build configuration list for PBXNativeTarget "WeatherAppSwift" */;
			buildPhases = (
				2B75C16C286B1FCF005C78B5 /* Sources */,
				2B75C16D286B1FCF005C78B5 /* Frameworks */,
				2B75C16E286B1FCF005C78B5 /* Resources */,
			);
			buildRules = (
			);
			dependencies = (
			);
			name = WeatherAppSwift;
			packageProductDependencies = (
				2B75C1A9286B28A7005C78B5 /* YumemiWeather */,
			);
			productName = weatherAppSwift;
			productReference = 2B75C170286B1FCF005C78B5 /* WeatherAppSwift.app */;
			productType = "com.apple.product-type.application";
		};
		2B75C188286B1FD0005C78B5 /* WeatherAppSwiftTests */ = {
			isa = PBXNativeTarget;
			buildConfigurationList = 2B75C1A0286B1FD0005C78B5 /* Build configuration list for PBXNativeTarget "WeatherAppSwiftTests" */;
			buildPhases = (
				2B75C185286B1FD0005C78B5 /* Sources */,
				2B75C186286B1FD0005C78B5 /* Frameworks */,
				2B75C187286B1FD0005C78B5 /* Resources */,
			);
			buildRules = (
			);
			dependencies = (
				2B75C18B286B1FD0005C78B5 /* PBXTargetDependency */,
			);
			name = WeatherAppSwiftTests;
			productName = weatherAppSwiftTests;
			productReference = 2B75C189286B1FD0005C78B5 /* WeatherAppSwiftTests.xctest */;
			productType = "com.apple.product-type.bundle.unit-test";
		};
		2B75C192286B1FD0005C78B5 /* WeatherAppSwiftUITests */ = {
			isa = PBXNativeTarget;
			buildConfigurationList = 2B75C1A3286B1FD0005C78B5 /* Build configuration list for PBXNativeTarget "WeatherAppSwiftUITests" */;
			buildPhases = (
				2B75C18F286B1FD0005C78B5 /* Sources */,
				2B75C190286B1FD0005C78B5 /* Frameworks */,
				2B75C191286B1FD0005C78B5 /* Resources */,
			);
			buildRules = (
			);
			dependencies = (
				2B75C195286B1FD0005C78B5 /* PBXTargetDependency */,
			);
			name = WeatherAppSwiftUITests;
			productName = weatherAppSwiftUITests;
			productReference = 2B75C193286B1FD0005C78B5 /* WeatherAppSwiftUITests.xctest */;
			productType = "com.apple.product-type.bundle.ui-testing";
		};
/* End PBXNativeTarget section */

/* Begin PBXProject section */
		2B75C168286B1FCF005C78B5 /* Project object */ = {
			isa = PBXProject;
			attributes = {
				BuildIndependentTargetsInParallel = 1;
				LastSwiftUpdateCheck = 1320;
				LastUpgradeCheck = 1320;
				TargetAttributes = {
					2B75C16F286B1FCF005C78B5 = {
						CreatedOnToolsVersion = 13.2.1;
					};
					2B75C188286B1FD0005C78B5 = {
						CreatedOnToolsVersion = 13.2.1;
						TestTargetID = 2B75C16F286B1FCF005C78B5;
					};
					2B75C192286B1FD0005C78B5 = {
						CreatedOnToolsVersion = 13.2.1;
						TestTargetID = 2B75C16F286B1FCF005C78B5;
					};
				};
			};
			buildConfigurationList = 2B75C16B286B1FCF005C78B5 /* Build configuration list for PBXProject "WeatherAppSwift" */;
			compatibilityVersion = "Xcode 14.0";
			developmentRegion = en;
			hasScannedForEncodings = 0;
			knownRegions = (
				en,
				Base,
			);
			mainGroup = 2B75C167286B1FCF005C78B5;
			packageReferences = (
				2B75C1A8286B28A7005C78B5 /* XCRemoteSwiftPackageReference "ios-training" */,
			);
			productRefGroup = 2B75C171286B1FCF005C78B5 /* Products */;
			projectDirPath = "";
			projectRoot = "";
			targets = (
				2B75C16F286B1FCF005C78B5 /* WeatherAppSwift */,
				2B75C188286B1FD0005C78B5 /* WeatherAppSwiftTests */,
				2B75C192286B1FD0005C78B5 /* WeatherAppSwiftUITests */,
			);
		};
/* End PBXProject section */

/* Begin PBXResourcesBuildPhase section */
		2B75C16E286B1FCF005C78B5 /* Resources */ = {
			isa = PBXResourcesBuildPhase;
			buildActionMask = 2147483647;
			files = (
				2B75C183286B1FD0005C78B5 /* LaunchScreen.storyboard in Resources */,
				2B75C180286B1FD0005C78B5 /* Assets.xcassets in Resources */,
				2B75C17B286B1FCF005C78B5 /* Main.storyboard in Resources */,
			);
			runOnlyForDeploymentPostprocessing = 0;
		};
		2B75C187286B1FD0005C78B5 /* Resources */ = {
			isa = PBXResourcesBuildPhase;
			buildActionMask = 2147483647;
			files = (
			);
			runOnlyForDeploymentPostprocessing = 0;
		};
		2B75C191286B1FD0005C78B5 /* Resources */ = {
			isa = PBXResourcesBuildPhase;
			buildActionMask = 2147483647;
			files = (
			);
			runOnlyForDeploymentPostprocessing = 0;
		};
/* End PBXResourcesBuildPhase section */

/* Begin PBXSourcesBuildPhase section */
		2B75C16C286B1FCF005C78B5 /* Sources */ = {
			isa = PBXSourcesBuildPhase;
			buildActionMask = 2147483647;
			files = (
				2B75C178286B1FCF005C78B5 /* WeatherViewController.swift in Sources */,
				2B75C174286B1FCF005C78B5 /* AppDelegate.swift in Sources */,
				2B75C17E286B1FCF005C78B5 /* weatherAppSwift.xcdatamodeld in Sources */,
				2B75C176286B1FCF005C78B5 /* SceneDelegate.swift in Sources */,
				2B2BD002286F435A002DAA2D /* ViewController.swift in Sources */,
				2B75C1AC286B2965005C78B5 /* ViewModel.swift in Sources */,
				2B75C1A7286B265D005C78B5 /* Model.swift in Sources */,
			);
			runOnlyForDeploymentPostprocessing = 0;
		};
		2B75C185286B1FD0005C78B5 /* Sources */ = {
			isa = PBXSourcesBuildPhase;
			buildActionMask = 2147483647;
			files = (
				2B75C18E286B1FD0005C78B5 /* WeatherAppSwiftTests.swift in Sources */,
			);
			runOnlyForDeploymentPostprocessing = 0;
		};
		2B75C18F286B1FD0005C78B5 /* Sources */ = {
			isa = PBXSourcesBuildPhase;
			buildActionMask = 2147483647;
			files = (
				2B75C198286B1FD0005C78B5 /* WeatherAppSwiftUITests.swift in Sources */,
				2B75C19A286B1FD0005C78B5 /* WeatherAppSwiftUITestsLaunchTests.swift in Sources */,
			);
			runOnlyForDeploymentPostprocessing = 0;
		};
/* End PBXSourcesBuildPhase section */

/* Begin PBXTargetDependency section */
		2B75C18B286B1FD0005C78B5 /* PBXTargetDependency */ = {
			isa = PBXTargetDependency;
			target = 2B75C16F286B1FCF005C78B5 /* WeatherAppSwift */;
			targetProxy = 2B75C18A286B1FD0005C78B5 /* PBXContainerItemProxy */;
		};
		2B75C195286B1FD0005C78B5 /* PBXTargetDependency */ = {
			isa = PBXTargetDependency;
			target = 2B75C16F286B1FCF005C78B5 /* WeatherAppSwift */;
			targetProxy = 2B75C194286B1FD0005C78B5 /* PBXContainerItemProxy */;
		};
/* End PBXTargetDependency section */

/* Begin PBXVariantGroup section */
		2B75C179286B1FCF005C78B5 /* Main.storyboard */ = {
			isa = PBXVariantGroup;
			children = (
				2B75C17A286B1FCF005C78B5 /* Base */,
			);
			name = Main.storyboard;
			sourceTree = "<group>";
		};
		2B75C181286B1FD0005C78B5 /* LaunchScreen.storyboard */ = {
			isa = PBXVariantGroup;
			children = (
				2B75C182286B1FD0005C78B5 /* Base */,
			);
			name = LaunchScreen.storyboard;
			sourceTree = "<group>";
		};
/* End PBXVariantGroup section */

/* Begin XCBuildConfiguration section */
		2B75C19B286B1FD0005C78B5 /* Debug */ = {
			isa = XCBuildConfiguration;
			buildSettings = {
				ALWAYS_SEARCH_USER_PATHS = NO;
				CLANG_ANALYZER_NONNULL = YES;
				CLANG_ANALYZER_NUMBER_OBJECT_CONVERSION = YES_AGGRESSIVE;
				CLANG_CXX_LANGUAGE_STANDARD = "gnu++17";
				CLANG_CXX_LIBRARY = "libc++";
				CLANG_ENABLE_MODULES = YES;
				CLANG_ENABLE_OBJC_ARC = YES;
				CLANG_ENABLE_OBJC_WEAK = YES;
				CLANG_WARN_BLOCK_CAPTURE_AUTORELEASING = YES;
				CLANG_WARN_BOOL_CONVERSION = YES;
				CLANG_WARN_COMMA = YES;
				CLANG_WARN_CONSTANT_CONVERSION = YES;
				CLANG_WARN_DEPRECATED_OBJC_IMPLEMENTATIONS = YES;
				CLANG_WARN_DIRECT_OBJC_ISA_USAGE = YES_ERROR;
				CLANG_WARN_DOCUMENTATION_COMMENTS = YES;
				CLANG_WARN_EMPTY_BODY = YES;
				CLANG_WARN_ENUM_CONVERSION = YES;
				CLANG_WARN_INFINITE_RECURSION = YES;
				CLANG_WARN_INT_CONVERSION = YES;
				CLANG_WARN_NON_LITERAL_NULL_CONVERSION = YES;
				CLANG_WARN_OBJC_IMPLICIT_RETAIN_SELF = YES;
				CLANG_WARN_OBJC_LITERAL_CONVERSION = YES;
				CLANG_WARN_OBJC_ROOT_CLASS = YES_ERROR;
				CLANG_WARN_QUOTED_INCLUDE_IN_FRAMEWORK_HEADER = YES;
				CLANG_WARN_RANGE_LOOP_ANALYSIS = YES;
				CLANG_WARN_STRICT_PROTOTYPES = YES;
				CLANG_WARN_SUSPICIOUS_MOVE = YES;
				CLANG_WARN_UNGUARDED_AVAILABILITY = YES_AGGRESSIVE;
				CLANG_WARN_UNREACHABLE_CODE = YES;
				CLANG_WARN__DUPLICATE_METHOD_MATCH = YES;
				COPY_PHASE_STRIP = NO;
				DEBUG_INFORMATION_FORMAT = dwarf;
				DEFINES_MODULE = YES;
				ENABLE_STRICT_OBJC_MSGSEND = YES;
				ENABLE_TESTABILITY = YES;
				GCC_C_LANGUAGE_STANDARD = gnu11;
				GCC_DYNAMIC_NO_PIC = NO;
				GCC_NO_COMMON_BLOCKS = YES;
				GCC_OPTIMIZATION_LEVEL = 0;
				GCC_PREPROCESSOR_DEFINITIONS = (
					"DEBUG=1",
					"$(inherited)",
				);
				GCC_WARN_64_TO_32_BIT_CONVERSION = YES;
				GCC_WARN_ABOUT_RETURN_TYPE = YES_ERROR;
				GCC_WARN_UNDECLARED_SELECTOR = YES;
				GCC_WARN_UNINITIALIZED_AUTOS = YES_AGGRESSIVE;
				GCC_WARN_UNUSED_FUNCTION = YES;
				GCC_WARN_UNUSED_VARIABLE = YES;
				IPHONEOS_DEPLOYMENT_TARGET = 15.2;
				MTL_ENABLE_DEBUG_INFO = INCLUDE_SOURCE;
				MTL_FAST_MATH = YES;
				ONLY_ACTIVE_ARCH = YES;
				SDKROOT = iphoneos;
				SWIFT_ACTIVE_COMPILATION_CONDITIONS = DEBUG;
				SWIFT_OPTIMIZATION_LEVEL = "-Onone";
			};
			name = Debug;
		};
		2B75C19C286B1FD0005C78B5 /* Release */ = {
			isa = XCBuildConfiguration;
			buildSettings = {
				ALWAYS_SEARCH_USER_PATHS = NO;
				CLANG_ANALYZER_NONNULL = YES;
				CLANG_ANALYZER_NUMBER_OBJECT_CONVERSION = YES_AGGRESSIVE;
				CLANG_CXX_LANGUAGE_STANDARD = "gnu++17";
				CLANG_CXX_LIBRARY = "libc++";
				CLANG_ENABLE_MODULES = YES;
				CLANG_ENABLE_OBJC_ARC = YES;
				CLANG_ENABLE_OBJC_WEAK = YES;
				CLANG_WARN_BLOCK_CAPTURE_AUTORELEASING = YES;
				CLANG_WARN_BOOL_CONVERSION = YES;
				CLANG_WARN_COMMA = YES;
				CLANG_WARN_CONSTANT_CONVERSION = YES;
				CLANG_WARN_DEPRECATED_OBJC_IMPLEMENTATIONS = YES;
				CLANG_WARN_DIRECT_OBJC_ISA_USAGE = YES_ERROR;
				CLANG_WARN_DOCUMENTATION_COMMENTS = YES;
				CLANG_WARN_EMPTY_BODY = YES;
				CLANG_WARN_ENUM_CONVERSION = YES;
				CLANG_WARN_INFINITE_RECURSION = YES;
				CLANG_WARN_INT_CONVERSION = YES;
				CLANG_WARN_NON_LITERAL_NULL_CONVERSION = YES;
				CLANG_WARN_OBJC_IMPLICIT_RETAIN_SELF = YES;
				CLANG_WARN_OBJC_LITERAL_CONVERSION = YES;
				CLANG_WARN_OBJC_ROOT_CLASS = YES_ERROR;
				CLANG_WARN_QUOTED_INCLUDE_IN_FRAMEWORK_HEADER = YES;
				CLANG_WARN_RANGE_LOOP_ANALYSIS = YES;
				CLANG_WARN_STRICT_PROTOTYPES = YES;
				CLANG_WARN_SUSPICIOUS_MOVE = YES;
				CLANG_WARN_UNGUARDED_AVAILABILITY = YES_AGGRESSIVE;
				CLANG_WARN_UNREACHABLE_CODE = YES;
				CLANG_WARN__DUPLICATE_METHOD_MATCH = YES;
				COPY_PHASE_STRIP = NO;
				DEBUG_INFORMATION_FORMAT = "dwarf-with-dsym";
				DEFINES_MODULE = YES;
				ENABLE_NS_ASSERTIONS = NO;
				ENABLE_STRICT_OBJC_MSGSEND = YES;
				GCC_C_LANGUAGE_STANDARD = gnu11;
				GCC_NO_COMMON_BLOCKS = YES;
				GCC_WARN_64_TO_32_BIT_CONVERSION = YES;
				GCC_WARN_ABOUT_RETURN_TYPE = YES_ERROR;
				GCC_WARN_UNDECLARED_SELECTOR = YES;
				GCC_WARN_UNINITIALIZED_AUTOS = YES_AGGRESSIVE;
				GCC_WARN_UNUSED_FUNCTION = YES;
				GCC_WARN_UNUSED_VARIABLE = YES;
				IPHONEOS_DEPLOYMENT_TARGET = 15.2;
				MTL_ENABLE_DEBUG_INFO = NO;
				MTL_FAST_MATH = YES;
				SDKROOT = iphoneos;
				SWIFT_COMPILATION_MODE = wholemodule;
				SWIFT_OPTIMIZATION_LEVEL = "-O";
				VALIDATE_PRODUCT = YES;
			};
			name = Release;
		};
		2B75C19E286B1FD0005C78B5 /* Debug */ = {
			isa = XCBuildConfiguration;
			buildSettings = {
				ASSETCATALOG_COMPILER_APPICON_NAME = AppIcon;
				ASSETCATALOG_COMPILER_GLOBAL_ACCENT_COLOR_NAME = AccentColor;
				CODE_SIGN_STYLE = Automatic;
				CURRENT_PROJECT_VERSION = 1;
				DEVELOPMENT_TEAM = 98434Q936K;
				GENERATE_INFOPLIST_FILE = YES;
				INFOPLIST_FILE = weatherAppSwift/Info.plist;
				INFOPLIST_KEY_UIApplicationSupportsIndirectInputEvents = YES;
				INFOPLIST_KEY_UILaunchStoryboardName = LaunchScreen;
				INFOPLIST_KEY_UIMainStoryboardFile = Main;
				INFOPLIST_KEY_UISupportedInterfaceOrientations_iPad = "UIInterfaceOrientationPortrait UIInterfaceOrientationPortraitUpsideDown UIInterfaceOrientationLandscapeLeft UIInterfaceOrientationLandscapeRight";
				INFOPLIST_KEY_UISupportedInterfaceOrientations_iPhone = "UIInterfaceOrientationPortrait UIInterfaceOrientationLandscapeLeft UIInterfaceOrientationLandscapeRight";
				LD_RUNPATH_SEARCH_PATHS = (
					"$(inherited)",
					"@executable_path/Frameworks",
				);
				MARKETING_VERSION = 1.0;
				PRODUCT_BUNDLE_IDENTIFIER = takuya.WeatherAppSwift;
				PRODUCT_NAME = "$(TARGET_NAME)";
				SWIFT_EMIT_LOC_STRINGS = YES;
				SWIFT_VERSION = 5.0;
				TARGETED_DEVICE_FAMILY = "1,2";
			};
			name = Debug;
		};
		2B75C19F286B1FD0005C78B5 /* Release */ = {
			isa = XCBuildConfiguration;
			buildSettings = {
				ASSETCATALOG_COMPILER_APPICON_NAME = AppIcon;
				ASSETCATALOG_COMPILER_GLOBAL_ACCENT_COLOR_NAME = AccentColor;
				CODE_SIGN_STYLE = Automatic;
				CURRENT_PROJECT_VERSION = 1;
				DEVELOPMENT_TEAM = 98434Q936K;
				GENERATE_INFOPLIST_FILE = YES;
				INFOPLIST_FILE = weatherAppSwift/Info.plist;
				INFOPLIST_KEY_UIApplicationSupportsIndirectInputEvents = YES;
				INFOPLIST_KEY_UILaunchStoryboardName = LaunchScreen;
				INFOPLIST_KEY_UIMainStoryboardFile = Main;
				INFOPLIST_KEY_UISupportedInterfaceOrientations_iPad = "UIInterfaceOrientationPortrait UIInterfaceOrientationPortraitUpsideDown UIInterfaceOrientationLandscapeLeft UIInterfaceOrientationLandscapeRight";
				INFOPLIST_KEY_UISupportedInterfaceOrientations_iPhone = "UIInterfaceOrientationPortrait UIInterfaceOrientationLandscapeLeft UIInterfaceOrientationLandscapeRight";
				LD_RUNPATH_SEARCH_PATHS = (
					"$(inherited)",
					"@executable_path/Frameworks",
				);
				MARKETING_VERSION = 1.0;
				PRODUCT_BUNDLE_IDENTIFIER = takuya.WeatherAppSwift;
				PRODUCT_NAME = "$(TARGET_NAME)";
				SWIFT_EMIT_LOC_STRINGS = YES;
				SWIFT_VERSION = 5.0;
				TARGETED_DEVICE_FAMILY = "1,2";
			};
			name = Release;
		};
		2B75C1A1286B1FD0005C78B5 /* Debug */ = {
			isa = XCBuildConfiguration;
			buildSettings = {
				ALWAYS_EMBED_SWIFT_STANDARD_LIBRARIES = YES;
				BUNDLE_LOADER = "$(TEST_HOST)";
				CODE_SIGN_STYLE = Automatic;
				CURRENT_PROJECT_VERSION = 1;
				DEVELOPMENT_TEAM = 98434Q936K;
				GENERATE_INFOPLIST_FILE = YES;
				IPHONEOS_DEPLOYMENT_TARGET = 15.2;
				MARKETING_VERSION = 1.0;
				PRODUCT_BUNDLE_IDENTIFIER = takuya.weatherAppSwiftTests;
				PRODUCT_NAME = "$(TARGET_NAME)";
				SWIFT_EMIT_LOC_STRINGS = NO;
				SWIFT_VERSION = 5.0;
				TARGETED_DEVICE_FAMILY = "1,2";
				TEST_HOST = "$(BUILT_PRODUCTS_DIR)/weatherAppSwift.app/weatherAppSwift";
			};
			name = Debug;
		};
		2B75C1A2286B1FD0005C78B5 /* Release */ = {
			isa = XCBuildConfiguration;
			buildSettings = {
				ALWAYS_EMBED_SWIFT_STANDARD_LIBRARIES = YES;
				BUNDLE_LOADER = "$(TEST_HOST)";
				CODE_SIGN_STYLE = Automatic;
				CURRENT_PROJECT_VERSION = 1;
				DEVELOPMENT_TEAM = 98434Q936K;
				GENERATE_INFOPLIST_FILE = YES;
				IPHONEOS_DEPLOYMENT_TARGET = 15.2;
				MARKETING_VERSION = 1.0;
				PRODUCT_BUNDLE_IDENTIFIER = takuya.weatherAppSwiftTests;
				PRODUCT_NAME = "$(TARGET_NAME)";
				SWIFT_EMIT_LOC_STRINGS = NO;
				SWIFT_VERSION = 5.0;
				TARGETED_DEVICE_FAMILY = "1,2";
				TEST_HOST = "$(BUILT_PRODUCTS_DIR)/weatherAppSwift.app/weatherAppSwift";
			};
			name = Release;
		};
		2B75C1A4286B1FD0005C78B5 /* Debug */ = {
			isa = XCBuildConfiguration;
			buildSettings = {
				ALWAYS_EMBED_SWIFT_STANDARD_LIBRARIES = YES;
				CODE_SIGN_STYLE = Automatic;
				CURRENT_PROJECT_VERSION = 1;
				DEVELOPMENT_TEAM = 98434Q936K;
				GENERATE_INFOPLIST_FILE = YES;
				MARKETING_VERSION = 1.0;
				PRODUCT_BUNDLE_IDENTIFIER = takuya.weatherAppSwiftUITests;
				PRODUCT_NAME = "$(TARGET_NAME)";
				SWIFT_EMIT_LOC_STRINGS = NO;
				SWIFT_VERSION = 5.0;
				TARGETED_DEVICE_FAMILY = "1,2";
				TEST_TARGET_NAME = weatherAppSwift;
			};
			name = Debug;
		};
		2B75C1A5286B1FD0005C78B5 /* Release */ = {
			isa = XCBuildConfiguration;
			buildSettings = {
				ALWAYS_EMBED_SWIFT_STANDARD_LIBRARIES = YES;
				CODE_SIGN_STYLE = Automatic;
				CURRENT_PROJECT_VERSION = 1;
				DEVELOPMENT_TEAM = 98434Q936K;
				GENERATE_INFOPLIST_FILE = YES;
				MARKETING_VERSION = 1.0;
				PRODUCT_BUNDLE_IDENTIFIER = takuya.weatherAppSwiftUITests;
				PRODUCT_NAME = "$(TARGET_NAME)";
				SWIFT_EMIT_LOC_STRINGS = NO;
				SWIFT_VERSION = 5.0;
				TARGETED_DEVICE_FAMILY = "1,2";
				TEST_TARGET_NAME = weatherAppSwift;
			};
			name = Release;
		};
/* End XCBuildConfiguration section */

/* Begin XCConfigurationList section */
		2B75C16B286B1FCF005C78B5 /* Build configuration list for PBXProject "WeatherAppSwift" */ = {
			isa = XCConfigurationList;
			buildConfigurations = (
				2B75C19B286B1FD0005C78B5 /* Debug */,
				2B75C19C286B1FD0005C78B5 /* Release */,
			);
			defaultConfigurationIsVisible = 0;
			defaultConfigurationName = Release;
		};
		2B75C19D286B1FD0005C78B5 /* Build configuration list for PBXNativeTarget "WeatherAppSwift" */ = {
			isa = XCConfigurationList;
			buildConfigurations = (
				2B75C19E286B1FD0005C78B5 /* Debug */,
				2B75C19F286B1FD0005C78B5 /* Release */,
			);
			defaultConfigurationIsVisible = 0;
			defaultConfigurationName = Release;
		};
		2B75C1A0286B1FD0005C78B5 /* Build configuration list for PBXNativeTarget "WeatherAppSwiftTests" */ = {
			isa = XCConfigurationList;
			buildConfigurations = (
				2B75C1A1286B1FD0005C78B5 /* Debug */,
				2B75C1A2286B1FD0005C78B5 /* Release */,
			);
			defaultConfigurationIsVisible = 0;
			defaultConfigurationName = Release;
		};
		2B75C1A3286B1FD0005C78B5 /* Build configuration list for PBXNativeTarget "WeatherAppSwiftUITests" */ = {
			isa = XCConfigurationList;
			buildConfigurations = (
				2B75C1A4286B1FD0005C78B5 /* Debug */,
				2B75C1A5286B1FD0005C78B5 /* Release */,
			);
			defaultConfigurationIsVisible = 0;
			defaultConfigurationName = Release;
		};
/* End XCConfigurationList section */

/* Begin XCRemoteSwiftPackageReference section */
		2B75C1A8286B28A7005C78B5 /* XCRemoteSwiftPackageReference "ios-training" */ = {
			isa = XCRemoteSwiftPackageReference;
			repositoryURL = "https://github.com/yumemi-inc/ios-training.git";
			requirement = {
				branch = main;
				kind = branch;
			};
		};
/* End XCRemoteSwiftPackageReference section */

/* Begin XCSwiftPackageProductDependency section */
		2B75C1A9286B28A7005C78B5 /* YumemiWeather */ = {
			isa = XCSwiftPackageProductDependency;
			package = 2B75C1A8286B28A7005C78B5 /* XCRemoteSwiftPackageReference "ios-training" */;
			productName = YumemiWeather;
		};
/* End XCSwiftPackageProductDependency section */

/* Begin XCVersionGroup section */
		2B75C17C286B1FCF005C78B5 /* weatherAppSwift.xcdatamodeld */ = {
			isa = XCVersionGroup;
			children = (
				2B75C17D286B1FCF005C78B5 /* weatherAppSwift.xcdatamodel */,
			);
			currentVersion = 2B75C17D286B1FCF005C78B5 /* weatherAppSwift.xcdatamodel */;
			path = weatherAppSwift.xcdatamodeld;
			sourceTree = "<group>";
			versionGroupType = wrapper.xcdatamodel;
		};
/* End XCVersionGroup section */
	};
	rootObject = 2B75C168286B1FCF005C78B5 /* Project object */;
}
